
Microsoft Visual Studio Solution File, Format Version 12.00
# Visual Studio Version 17
VisualStudioVersion = 17.0.31903.59
MinimumVisualStudioVersion = 10.0.40219.1
Project("{FAE04EC0-301F-11D3-BF4B-00C04F79EFBC}") = "BasicConsole", "BasicConsole\BasicConsole.csproj", "{55FE86E7-B748-45C8-827D-6B7C841AF144}"
EndProject
Project("{FAE04EC0-301F-11D3-BF4B-00C04F79EFBC}") = "TestForHello", "TestForHello\TestForHello.csproj", "{ABC95B13-1885-4CD8-8975-C787BDE094CD}"
EndProject
Global
	GlobalSection(SolutionConfigurationPlatforms) = preSolution
		Debug|Any CPU = Debug|Any CPU
		Release|Any CPU = Release|Any CPU
	EndGlobalSection
	GlobalSection(SolutionProperties) = preSolution
		HideSolutionNode = FALSE
	EndGlobalSection
	GlobalSection(ProjectConfigurationPlatforms) = postSolution
		{55FE86E7-B748-45C8-827D-6B7C841AF144}.Debug|Any CPU.ActiveCfg = Debug|Any CPU
		{55FE86E7-B748-45C8-827D-6B7C841AF144}.Debug|Any CPU.Build.0 = Debug|Any CPU
		{55FE86E7-B748-45C8-827D-6B7C841AF144}.Release|Any CPU.ActiveCfg = Release|Any CPU
		{55FE86E7-B748-45C8-827D-6B7C841AF144}.Release|Any CPU.Build.0 = Release|Any CPU
		{ABC95B13-1885-4CD8-8975-C787BDE094CD}.Debug|Any CPU.ActiveCfg = Debug|Any CPU
		{ABC95B13-1885-4CD8-8975-C787BDE094CD}.Debug|Any CPU.Build.0 = Debug|Any CPU
		{ABC95B13-1885-4CD8-8975-C787BDE094CD}.Release|Any CPU.ActiveCfg = Release|Any CPU
		{ABC95B13-1885-4CD8-8975-C787BDE094CD}.Release|Any CPU.Build.0 = Release|Any CPU
	EndGlobalSection
EndGlobal
